<Solution>
  <Folder Name="/src/">
    <Project Path="src/AeroMes.Api/AeroMes.Api.csproj" />
    <Project Path="src/AeroMes.Application/AeroMes.Application.csproj" />
    <Project Path="src/AeroMes.Domain/AeroMes.Domain.csproj" />
    <Project Path="src/AeroMes.Infrastructure/AeroMes.Infrastructure.csproj" />
  </Folder>
  <Folder Name="/tests/">
    <Project Path="tests/AeroMes.IntegrationTests/AeroMes.IntegrationTests.csproj" />
  </Folder>
</Solution>
